{
  "name": "15-node-app",
  "version": "1.0.0",
  "lockfileVersion": 3,
  "requires": true,
  "packages": {
    "": {
      "name": "15-node-app",
      "version": "1.0.0",
      "license": "ISC",
      "dependencies": {
        "14-lion-library": "^1.0.0"
      }
    },
    "node_modules/14-lion-library": {
      "version": "1.0.0",
      "resolved": "https://registry.npmjs.org/14-lion-library/-/14-lion-library-1.0.0.tgz",
      "integrity": "sha512-uQULOEx0AedjGYX8sN4C/g9ocsi0LXlvNqmar0InQoyutfxGg2MiyIUg8RTjfXmWTSd1lnQReTB78naiyPyNVw=="
    }
  }
}
